
Microsoft Visual Studio Solution File, Format Version 12.00
# Visual Studio Version 16
VisualStudioVersion = 16.0.29926.136
MinimumVisualStudioVersion = 10.0.40219.1
Project("{9A19103F-16F7-4668-BE54-9A1E7A4F7556}") = "ProcessPaymentTask", "ProcessPaymentTask\ProcessPaymentTask.csproj", "{48B27F27-46D5-4009-9F74-4BD8374E818F}"
EndProject
Global
	GlobalSection(SolutionConfigurationPlatforms) = preSolution
		Debug|Any CPU = Debug|Any CPU
		Release|Any CPU = Release|Any CPU
	EndGlobalSection
	GlobalSection(ProjectConfigurationPlatforms) = postSolution
		{48B27F27-46D5-4009-9F74-4BD8374E818F}.Debug|Any CPU.ActiveCfg = Debug|Any CPU
		{48B27F27-46D5-4009-9F74-4BD8374E818F}.Debug|Any CPU.Build.0 = Debug|Any CPU
		{48B27F27-46D5-4009-9F74-4BD8374E818F}.Release|Any CPU.ActiveCfg = Release|Any CPU
		{48B27F27-46D5-4009-9F74-4BD8374E818F}.Release|Any CPU.Build.0 = Release|Any CPU
	EndGlobalSection
	GlobalSection(SolutionProperties) = preSolution
		HideSolutionNode = FALSE
	EndGlobalSection
	GlobalSection(ExtensibilityGlobals) = postSolution
		SolutionGuid = {57B7D9CE-72C5-4EEE-A1A0-434BC080F7AD}
	EndGlobalSection
EndGlobal
